// !$*UTF8*$!
{
	archiveVersion = 1;
	classes = {
	};
	objectVersion = 46;
	objects = {

/* Begin PBXBuildFile section */
		D5AD5FBD1CA92D8B00C645B5 /* main.m in Sources */ = {isa = PBXBuildFile; fileRef = D5AD5FBC1CA92D8B00C645B5 /* main.m */; };
		D5AD5FC01CA92D8B00C645B5 /* AppDelegate.m in Sources */ = {isa = PBXBuildFile; fileRef = D5AD5FBF1CA92D8B00C645B5 /* AppDelegate.m */; };
		D5AD5FC31CA92D8B00C645B5 /* ViewController.m in Sources */ = {isa = PBXBuildFile; fileRef = D5AD5FC21CA92D8B00C645B5 /* ViewController.m */; };
		D5AD5FC61CA92D8B00C645B5 /* Main.storyboard in Resources */ = {isa = PBXBuildFile; fileRef = D5AD5FC41CA92D8B00C645B5 /* Main.storyboard */; };
		D5AD5FC81CA92D8B00C645B5 /* Assets.xcassets in Resources */ = {isa = PBXBuildFile; fileRef = D5AD5FC71CA92D8B00C645B5 /* Assets.xcassets */; };
		D5AD5FCB1CA92D8B00C645B5 /* LaunchScreen.storyboard in Resources */ = {isa = PBXBuildFile; fileRef = D5AD5FC91CA92D8B00C645B5 /* LaunchScreen.storyboard */; };
		D5AD5FD61CA92D8B00C645B5 /* _0160328004_Quart2D_CleanImageTests.m in Sources */ = {isa = PBXBuildFile; fileRef = D5AD5FD51CA92D8B00C645B5 /* _0160328004_Quart2D_CleanImageTests.m */; };
		D5AD5FE11CA92D8B00C645B5 /* _0160328004_Quart2D_CleanImageUITests.m in Sources */ = {isa = PBXBuildFile; fileRef = D5AD5FE01CA92D8B00C645B5 /* _0160328004_Quart2D_CleanImageUITests.m */; };
/* End PBXBuildFile section */

/* Begin PBXContainerItemProxy section */
		D5AD5FD21CA92D8B00C645B5 /* PBXContainerItemProxy */ = {
			isa = PBXContainerItemProxy;
			containerPortal = D5AD5FB01CA92D8B00C645B5 /* Project object */;
			proxyType = 1;
			remoteGlobalIDString = D5AD5FB71CA92D8B00C645B5;
			remoteInfo = "20160328004-Quart2D-CleanImage";
		};
		D5AD5FDD1CA92D8B00C645B5 /* PBXContainerItemProxy */ = {
			isa = PBXContainerItemProxy;
			containerPortal = D5AD5FB01CA92D8B00C645B5 /* Project object */;
			proxyType = 1;
			remoteGlobalIDString = D5AD5FB71CA92D8B00C645B5;
			remoteInfo = "20160328004-Quart2D-CleanImage";
		};
/* End PBXContainerItemProxy section */

/* Begin PBXFileReference section */
		D5AD5FB81CA92D8B00C645B5 /* 20160328004-Quart2D-CleanImage.app */ = {isa = PBXFileReference; explicitFileType = wrapper.application; includeInIndex = 0; path = "20160328004-Quart2D-CleanImage.app"; sourceTree = BUILT_PRODUCTS_DIR; };
		D5AD5FBC1CA92D8B00C645B5 /* main.m */ = {isa = PBXFileReference; lastKnownFileType = sourcecode.c.objc; path = main.m; sourceTree = "<group>"; };
		D5AD5FBE1CA92D8B00C645B5 /* AppDelegate.h */ = {isa = PBXFileReference; lastKnownFileType = sourcecode.c.h; path = AppDelegate.h; sourceTree = "<group>"; };
		D5AD5FBF1CA92D8B00C645B5 /* AppDelegate.m */ = {isa = PBXFileReference; lastKnownFileType = sourcecode.c.objc; path = AppDelegate.m; sourceTree = "<group>"; };
		D5AD5FC11CA92D8B00C645B5 /* ViewController.h */ = {isa = PBXFileReference; lastKnownFileType = sourcecode.c.h; path = ViewController.h; sourceTree = "<group>"; };
		D5AD5FC21CA92D8B00C645B5 /* ViewController.m */ = {isa = PBXFileReference; lastKnownFileType = sourcecode.c.objc; path = ViewController.m; sourceTree = "<group>"; };
		D5AD5FC51CA92D8B00C645B5 /* Base */ = {isa = PBXFileReference; lastKnownFileType = file.storyboard; name = Base; path = Base.lproj/Main.storyboard; sourceTree = "<group>"; };
		D5AD5FC71CA92D8B00C645B5 /* Assets.xcassets */ = {isa = PBXFileReference; lastKnownFileType = folder.assetcatalog; path = Assets.xcassets; sourceTree = "<group>"; };
		D5AD5FCA1CA92D8B00C645B5 /* Base */ = {isa = PBXFileReference; lastKnownFileType = file.storyboard; name = Base; path = Base.lproj/LaunchScreen.storyboard; sourceTree = "<group>"; };
		D5AD5FCC1CA92D8B00C645B5 /* Info.plist */ = {isa = PBXFileReference; lastKnownFileType = text.plist.xml; path = Info.plist; sourceTree = "<group>"; };
		D5AD5FD11CA92D8B00C645B5 /* 20160328004-Quart2D-CleanImageTests.xctest */ = {isa = PBXFileReference; explicitFileType = wrapper.cfbundle; includeInIndex = 0; path = "20160328004-Quart2D-CleanImageTests.xctest"; sourceTree = BUILT_PRODUCTS_DIR; };
		D5AD5FD51CA92D8B00C645B5 /* _0160328004_Quart2D_CleanImageTests.m */ = {isa = PBXFileReference; lastKnownFileType = sourcecode.c.objc; path = _0160328004_Quart2D_CleanImageTests.m; sourceTree = "<group>"; };
		D5AD5FD71CA92D8B00C645B5 /* Info.plist */ = {isa = PBXFileReference; lastKnownFileType = text.plist.xml; path = Info.plist; sourceTree = "<group>"; };
		D5AD5FDC1CA92D8B00C645B5 /* 20160328004-Quart2D-CleanImageUITests.xctest */ = {isa = PBXFileReference; explicitFileType = wrapper.cfbundle; includeInIndex = 0; path = "20160328004-Quart2D-CleanImageUITests.xctest"; sourceTree = BUILT_PRODUCTS_DIR; };
		D5AD5FE01CA92D8B00C645B5 /* _0160328004_Quart2D_CleanImageUITests.m */ = {isa = PBXFileReference; lastKnownFileType = sourcecode.c.objc; path = _0160328004_Quart2D_CleanImageUITests.m; sourceTree = "<group>"; };
		D5AD5FE21CA92D8B00C645B5 /* Info.plist */ = {isa = PBXFileReference; lastKnownFileType = text.plist.xml; path = Info.plist; sourceTree = "<group>"; };
/* End PBXFileReference section */

/* Begin PBXFrameworksBuildPhase section */
		D5AD5FB51CA92D8B00C645B5 /* Frameworks */ = {
			isa = PBXFrameworksBuildPhase;
			buildActionMask = 2147483647;
			files = (
			);
			runOnlyForDeploymentPostprocessing = 0;
		};
		D5AD5FCE1CA92D8B00C645B5 /* Frameworks */ = {
			isa = PBXFrameworksBuildPhase;
			buildActionMask = 2147483647;
			files = (
			);
			runOnlyForDeploymentPostprocessing = 0;
		};
		D5AD5FD91CA92D8B00C645B5 /* Frameworks */ = {
			isa = PBXFrameworksBuildPhase;
			buildActionMask = 2147483647;
			files = (
			);
			runOnlyForDeploymentPostprocessing = 0;
		};
/* End PBXFrameworksBuildPhase section */

/* Begin PBXGroup section */
		D5AD5FAF1CA92D8B00C645B5 = {
			isa = PBXGroup;
			children = (
				D5AD5FBA1CA92D8B00C645B5 /* 20160328004-Quart2D-CleanImage */,
				D5AD5FD41CA92D8B00C645B5 /* 20160328004-Quart2D-CleanImageTests */,
				D5AD5FDF1CA92D8B00C645B5 /* 20160328004-Quart2D-CleanImageUITests */,
				D5AD5FB91CA92D8B00C645B5 /* Products */,
			);
			sourceTree = "<group>";
		};
		D5AD5FB91CA92D8B00C645B5 /* Products */ = {
			isa = PBXGroup;
			children = (
				D5AD5FB81CA92D8B00C645B5 /* 20160328004-Quart2D-CleanImage.app */,
				D5AD5FD11CA92D8B00C645B5 /* 20160328004-Quart2D-CleanImageTests.xctest */,
				D5AD5FDC1CA92D8B00C645B5 /* 20160328004-Quart2D-CleanImageUITests.xctest */,
			);
			name = Products;
			sourceTree = "<group>";
		};
		D5AD5FBA1CA92D8B00C645B5 /* 20160328004-Quart2D-CleanImage */ = {
			isa = PBXGroup;
			children = (
				D5AD5FBE1CA92D8B00C645B5 /* AppDelegate.h */,
				D5AD5FBF1CA92D8B00C645B5 /* AppDelegate.m */,
				D5AD5FC11CA92D8B00C645B5 /* ViewController.h */,
				D5AD5FC21CA92D8B00C645B5 /* ViewController.m */,
				D5AD5FC41CA92D8B00C645B5 /* Main.storyboard */,
				D5AD5FC71CA92D8B00C645B5 /* Assets.xcassets */,
				D5AD5FC91CA92D8B00C645B5 /* LaunchScreen.storyboard */,
				D5AD5FCC1CA92D8B00C645B5 /* Info.plist */,
				D5AD5FBB1CA92D8B00C645B5 /* Supporting Files */,
			);
			path = "20160328004-Quart2D-CleanImage";
			sourceTree = "<group>";
		};
		D5AD5FBB1CA92D8B00C645B5 /* Supporting Files */ = {
			isa = PBXGroup;
			children = (
				D5AD5FBC1CA92D8B00C645B5 /* main.m */,
			);
			name = "Supporting Files";
			sourceTree = "<group>";
		};
		D5AD5FD41CA92D8B00C645B5 /* 20160328004-Quart2D-CleanImageTests */ = {
			isa = PBXGroup;
			children = (
				D5AD5FD51CA92D8B00C645B5 /* _0160328004_Quart2D_CleanImageTests.m */,
				D5AD5FD71CA92D8B00C645B5 /* Info.plist */,
			);
			path = "20160328004-Quart2D-CleanImageTests";
			sourceTree = "<group>";
		};
		D5AD5FDF1CA92D8B00C645B5 /* 20160328004-Quart2D-CleanImageUITests */ = {
			isa = PBXGroup;
			children = (
				D5AD5FE01CA92D8B00C645B5 /* _0160328004_Quart2D_CleanImageUITests.m */,
				D5AD5FE21CA92D8B00C645B5 /* Info.plist */,
			);
			path = "20160328004-Quart2D-CleanImageUITests";
			sourceTree = "<group>";
		};
/* End PBXGroup section */

/* Begin PBXNativeTarget section */
		D5AD5FB71CA92D8B00C645B5 /* 20160328004-Quart2D-CleanImage */ = {
			isa = PBXNativeTarget;
			buildConfigurationList = D5AD5FE51CA92D8B00C645B5 /* Build configuration list for PBXNativeTarget "20160328004-Quart2D-CleanImage" */;
			buildPhases = (
				D5AD5FB41CA92D8B00C645B5 /* Sources */,
				D5AD5FB51CA92D8B00C645B5 /* Frameworks */,
				D5AD5FB61CA92D8B00C645B5 /* Resources */,
			);
			buildRules = (
			);
			dependencies = (
			);
			name = "20160328004-Quart2D-CleanImage";
			productName = "20160328004-Quart2D-CleanImage";
			productReference = D5AD5FB81CA92D8B00C645B5 /* 20160328004-Quart2D-CleanImage.app */;
			productType = "com.apple.product-type.application";
		};
		D5AD5FD01CA92D8B00C645B5 /* 20160328004-Quart2D-CleanImageTests */ = {
			isa = PBXNativeTarget;
			buildConfigurationList = D5AD5FE81CA92D8B00C645B5 /* Build configuration list for PBXNativeTarget "20160328004-Quart2D-CleanImageTests" */;
			buildPhases = (
				D5AD5FCD1CA92D8B00C645B5 /* Sources */,
				D5AD5FCE1CA92D8B00C645B5 /* Frameworks */,
				D5AD5FCF1CA92D8B00C645B5 /* Resources */,
			);
			buildRules = (
			);
			dependencies = (
				D5AD5FD31CA92D8B00C645B5 /* PBXTargetDependency */,
			);
			name = "20160328004-Quart2D-CleanImageTests";
			productName = "20160328004-Quart2D-CleanImageTests";
			productReference = D5AD5FD11CA92D8B00C645B5 /* 20160328004-Quart2D-CleanImageTests.xctest */;
			productType = "com.apple.product-type.bundle.unit-test";
		};
		D5AD5FDB1CA92D8B00C645B5 /* 20160328004-Quart2D-CleanImageUITests */ = {
			isa = PBXNativeTarget;
			buildConfigurationList = D5AD5FEB1CA92D8B00C645B5 /* Build configuration list for PBXNativeTarget "20160328004-Quart2D-CleanImageUITests" */;
			buildPhases = (
				D5AD5FD81CA92D8B00C645B5 /* Sources */,
				D5AD5FD91CA92D8B00C645B5 /* Frameworks */,
				D5AD5FDA1CA92D8B00C645B5 /* Resources */,
			);
			buildRules = (
			);
			dependencies = (
				D5AD5FDE1CA92D8B00C645B5 /* PBXTargetDependency */,
			);
			name = "20160328004-Quart2D-CleanImageUITests";
			productName = "20160328004-Quart2D-CleanImageUITests";
			productReference = D5AD5FDC1CA92D8B00C645B5 /* 20160328004-Quart2D-CleanImageUITests.xctest */;
			productType = "com.apple.product-type.bundle.ui-testing";
		};
/* End PBXNativeTarget section */

/* Begin PBXProject section */
		D5AD5FB01CA92D8B00C645B5 /* Project object */ = {
			isa = PBXProject;
			attributes = {
				LastUpgradeCheck = 0730;
				ORGANIZATIONNAME = Rainer;
				TargetAttributes = {
					D5AD5FB71CA92D8B00C645B5 = {
						CreatedOnToolsVersion = 7.3;
					};
					D5AD5FD01CA92D8B00C645B5 = {
						CreatedOnToolsVersion = 7.3;
						TestTargetID = D5AD5FB71CA92D8B00C645B5;
					};
					D5AD5FDB1CA92D8B00C645B5 = {
						CreatedOnToolsVersion = 7.3;
						TestTargetID = D5AD5FB71CA92D8B00C645B5;
					};
				};
			};
			buildConfigurationList = D5AD5FB31CA92D8B00C645B5 /* Build configuration list for PBXProject "20160328004-Quart2D-CleanImage" */;
			compatibilityVersion = "Xcode 3.2";
			developmentRegion = English;
			hasScannedForEncodings = 0;
			knownRegions = (
				en,
				Base,
			);
			mainGroup = D5AD5FAF1CA92D8B00C645B5;
			productRefGroup = D5AD5FB91CA92D8B00C645B5 /* Products */;
			projectDirPath = "";
			projectRoot = "";
			targets = (
				D5AD5FB71CA92D8B00C645B5 /* 20160328004-Quart2D-CleanImage */,
				D5AD5FD01CA92D8B00C645B5 /* 20160328004-Quart2D-CleanImageTests */,
				D5AD5FDB1CA92D8B00C645B5 /* 20160328004-Quart2D-CleanImageUITests */,
			);
		};
/* End PBXProject section */

/* Begin PBXResourcesBuildPhase section */
		D5AD5FB61CA92D8B00C645B5 /* Resources */ = {
			isa = PBXResourcesBuildPhase;
			buildActionMask = 2147483647;
			files = (
				D5AD5FCB1CA92D8B00C645B5 /* LaunchScreen.storyboard in Resources */,
				D5AD5FC81CA92D8B00C645B5 /* Assets.xcassets in Resources */,
				D5AD5FC61CA92D8B00C645B5 /* Main.storyboard in Resources */,
			);
			runOnlyForDeploymentPostprocessing = 0;
		};
		D5AD5FCF1CA92D8B00C645B5 /* Resources */ = {
			isa = PBXResourcesBuildPhase;
			buildActionMask = 2147483647;
			files = (
			);
			runOnlyForDeploymentPostprocessing = 0;
		};
		D5AD5FDA1CA92D8B00C645B5 /* Resources */ = {
			isa = PBXResourcesBuildPhase;
			buildActionMask = 2147483647;
			files = (
			);
			runOnlyForDeploymentPostprocessing = 0;
		};
/* End PBXResourcesBuildPhase section */

/* Begin PBXSourcesBuildPhase section */
		D5AD5FB41CA92D8B00C645B5 /* Sources */ = {
			isa = PBXSourcesBuildPhase;
			buildActionMask = 2147483647;
			files = (
				D5AD5FC31CA92D8B00C645B5 /* ViewController.m in Sources */,
				D5AD5FC01CA92D8B00C645B5 /* AppDelegate.m in Sources */,
				D5AD5FBD1CA92D8B00C645B5 /* main.m in Sources */,
			);
			runOnlyForDeploymentPostprocessing = 0;
		};
		D5AD5FCD1CA92D8B00C645B5 /* Sources */ = {
			isa = PBXSourcesBuildPhase;
			buildActionMask = 2147483647;
			files = (
				D5AD5FD61CA92D8B00C645B5 /* _0160328004_Quart2D_CleanImageTests.m in Sources */,
			);
			runOnlyForDeploymentPostprocessing = 0;
		};
		D5AD5FD81CA92D8B00C645B5 /* Sources */ = {
			isa = PBXSourcesBuildPhase;
			buildActionMask = 2147483647;
			files = (
				D5AD5FE11CA92D8B00C645B5 /* _0160328004_Quart2D_CleanImageUITests.m in Sources */,
			);
			runOnlyForDeploymentPostprocessing = 0;
		};
/* End PBXSourcesBuildPhase section */

/* Begin PBXTargetDependency section */
		D5AD5FD31CA92D8B00C645B5 /* PBXTargetDependency */ = {
			isa = PBXTargetDependency;
			target = D5AD5FB71CA92D8B00C645B5 /* 20160328004-Quart2D-CleanImage */;
			targetProxy = D5AD5FD21CA92D8B00C645B5 /* PBXContainerItemProxy */;
		};
		D5AD5FDE1CA92D8B00C645B5 /* PBXTargetDependency */ = {
			isa = PBXTargetDependency;
			target = D5AD5FB71CA92D8B00C645B5 /* 20160328004-Quart2D-CleanImage */;
			targetProxy = D5AD5FDD1CA92D8B00C645B5 /* PBXContainerItemProxy */;
		};
/* End PBXTargetDependency section */

/* Begin PBXVariantGroup section */
		D5AD5FC41CA92D8B00C645B5 /* Main.storyboard */ = {
			isa = PBXVariantGroup;
			children = (
				D5AD5FC51CA92D8B00C645B5 /* Base */,
			);
			name = Main.storyboard;
			sourceTree = "<group>";
		};
		D5AD5FC91CA92D8B00C645B5 /* LaunchScreen.storyboard */ = {
			isa = PBXVariantGroup;
			children = (
				D5AD5FCA1CA92D8B00C645B5 /* Base */,
			);
			name = LaunchScreen.storyboard;
			sourceTree = "<group>";
		};
/* End PBXVariantGroup section */

/* Begin XCBuildConfiguration section */
		D5AD5FE31CA92D8B00C645B5 /* Debug */ = {
			isa = XCBuildConfiguration;
			buildSettings = {
				ALWAYS_SEARCH_USER_PATHS = NO;
				CLANG_ANALYZER_NONNULL = YES;
				CLANG_CXX_LANGUAGE_STANDARD = "gnu++0x";
				CLANG_CXX_LIBRARY = "libc++";
				CLANG_ENABLE_MODULES = YES;
				CLANG_ENABLE_OBJC_ARC = YES;
				CLANG_WARN_BOOL_CONVERSION = YES;
				CLANG_WARN_CONSTANT_CONVERSION = YES;
				CLANG_WARN_DIRECT_OBJC_ISA_USAGE = YES_ERROR;
				CLANG_WARN_EMPTY_BODY = YES;
				CLANG_WARN_ENUM_CONVERSION = YES;
				CLANG_WARN_INT_CONVERSION = YES;
				CLANG_WARN_OBJC_ROOT_CLASS = YES_ERROR;
				CLANG_WARN_UNREACHABLE_CODE = YES;
				CLANG_WARN__DUPLICATE_METHOD_MATCH = YES;
				"CODE_SIGN_IDENTITY[sdk=iphoneos*]" = "iPhone Developer";
				COPY_PHASE_STRIP = NO;
				DEBUG_INFORMATION_FORMAT = dwarf;
				ENABLE_STRICT_OBJC_MSGSEND = YES;
				ENABLE_TESTABILITY = YES;
				GCC_C_LANGUAGE_STANDARD = gnu99;
				GCC_DYNAMIC_NO_PIC = NO;
				GCC_NO_COMMON_BLOCKS = YES;
				GCC_OPTIMIZATION_LEVEL = 0;
				GCC_PREPROCESSOR_DEFINITIONS = (
					"DEBUG=1",
					"$(inherited)",
				);
				GCC_WARN_64_TO_32_BIT_CONVERSION = YES;
				GCC_WARN_ABOUT_RETURN_TYPE = YES_ERROR;
				GCC_WARN_UNDECLARED_SELECTOR = YES;
				GCC_WARN_UNINITIALIZED_AUTOS = YES_AGGRESSIVE;
				GCC_WARN_UNUSED_FUNCTION = YES;
				GCC_WARN_UNUSED_VARIABLE = YES;
				IPHONEOS_DEPLOYMENT_TARGET = 9.3;
				MTL_ENABLE_DEBUG_INFO = YES;
				ONLY_ACTIVE_ARCH = YES;
				SDKROOT = iphoneos;
			};
			name = Debug;
		};
		D5AD5FE41CA92D8B00C645B5 /* Release */ = {
			isa = XCBuildConfiguration;
			buildSettings = {
				ALWAYS_SEARCH_USER_PATHS = NO;
				CLANG_ANALYZER_NONNULL = YES;
				CLANG_CXX_LANGUAGE_STANDARD = "gnu++0x";
				CLANG_CXX_LIBRARY = "libc++";
				CLANG_ENABLE_MODULES = YES;
				CLANG_ENABLE_OBJC_ARC = YES;
				CLANG_WARN_BOOL_CONVERSION = YES;
				CLANG_WARN_CONSTANT_CONVERSION = YES;
				CLANG_WARN_DIRECT_OBJC_ISA_USAGE = YES_ERROR;
				CLANG_WARN_EMPTY_BODY = YES;
				CLANG_WARN_ENUM_CONVERSION = YES;
				CLANG_WARN_INT_CONVERSION = YES;
				CLANG_WARN_OBJC_ROOT_CLASS = YES_ERROR;
				CLANG_WARN_UNREACHABLE_CODE = YES;
				CLANG_WARN__DUPLICATE_METHOD_MATCH = YES;
				"CODE_SIGN_IDENTITY[sdk=iphoneos*]" = "iPhone Developer";
				COPY_PHASE_STRIP = NO;
				DEBUG_INFORMATION_FORMAT = "dwarf-with-dsym";
				ENABLE_NS_ASSERTIONS = NO;
				ENABLE_STRICT_OBJC_MSGSEND = YES;
				GCC_C_LANGUAGE_STANDARD = gnu99;
				GCC_NO_COMMON_BLOCKS = YES;
				GCC_WARN_64_TO_32_BIT_CONVERSION = YES;
				GCC_WARN_ABOUT_RETURN_TYPE = YES_ERROR;
				GCC_WARN_UNDECLARED_SELECTOR = YES;
				GCC_WARN_UNINITIALIZED_AUTOS = YES_AGGRESSIVE;
				GCC_WARN_UNUSED_FUNCTION = YES;
				GCC_WARN_UNUSED_VARIABLE = YES;
				IPHONEOS_DEPLOYMENT_TARGET = 9.3;
				MTL_ENABLE_DEBUG_INFO = NO;
				SDKROOT = iphoneos;
				VALIDATE_PRODUCT = YES;
			};
			name = Release;
		};
		D5AD5FE61CA92D8B00C645B5 /* Debug */ = {
			isa = XCBuildConfiguration;
			buildSettings = {
				ASSETCATALOG_COMPILER_APPICON_NAME = AppIcon;
				INFOPLIST_FILE = "20160328004-Quart2D-CleanImage/Info.plist";
				LD_RUNPATH_SEARCH_PATHS = "$(inherited) @executable_path/Frameworks";
				PRODUCT_BUNDLE_IDENTIFIER = "com.rainer.-0160328004-Quart2D-CleanImage";
				PRODUCT_NAME = "$(TARGET_NAME)";
			};
			name = Debug;
		};
		D5AD5FE71CA92D8B00C645B5 /* Release */ = {
			isa = XCBuildConfiguration;
			buildSettings = {
				ASSETCATALOG_COMPILER_APPICON_NAME = AppIcon;
				INFOPLIST_FILE = "20160328004-Quart2D-CleanImage/Info.plist";
				LD_RUNPATH_SEARCH_PATHS = "$(inherited) @executable_path/Frameworks";
				PRODUCT_BUNDLE_IDENTIFIER = "com.rainer.-0160328004-Quart2D-CleanImage";
				PRODUCT_NAME = "$(TARGET_NAME)";
			};
			name = Release;
		};
		D5AD5FE91CA92D8B00C645B5 /* Debug */ = {
			isa = XCBuildConfiguration;
			buildSettings = {
				BUNDLE_LOADER = "$(TEST_HOST)";
				INFOPLIST_FILE = "20160328004-Quart2D-CleanImageTests/Info.plist";
				LD_RUNPATH_SEARCH_PATHS = "$(inherited) @executable_path/Frameworks @loader_path/Frameworks";
				PRODUCT_BUNDLE_IDENTIFIER = "com.rainer.-0160328004-Quart2D-CleanImageTests";
				PRODUCT_NAME = "$(TARGET_NAME)";
				TEST_HOST = "$(BUILT_PRODUCTS_DIR)/20160328004-Quart2D-CleanImage.app/20160328004-Quart2D-CleanImage";
			};
			name = Debug;
		};
		D5AD5FEA1CA92D8B00C645B5 /* Release */ = {
			isa = XCBuildConfiguration;
			buildSettings = {
				BUNDLE_LOADER = "$(TEST_HOST)";
				INFOPLIST_FILE = "20160328004-Quart2D-CleanImageTests/Info.plist";
				LD_RUNPATH_SEARCH_PATHS = "$(inherited) @executable_path/Frameworks @loader_path/Frameworks";
				PRODUCT_BUNDLE_IDENTIFIER = "com.rainer.-0160328004-Quart2D-CleanImageTests";
				PRODUCT_NAME = "$(TARGET_NAME)";
				TEST_HOST = "$(BUILT_PRODUCTS_DIR)/20160328004-Quart2D-CleanImage.app/20160328004-Quart2D-CleanImage";
			};
			name = Release;
		};
		D5AD5FEC1CA92D8B00C645B5 /* Debug */ = {
			isa = XCBuildConfiguration;
			buildSettings = {
				INFOPLIST_FILE = "20160328004-Quart2D-CleanImageUITests/Info.plist";
				LD_RUNPATH_SEARCH_PATHS = "$(inherited) @executable_path/Frameworks @loader_path/Frameworks";
				PRODUCT_BUNDLE_IDENTIFIER = "com.rainer.-0160328004-Quart2D-CleanImageUITests";
				PRODUCT_NAME = "$(TARGET_NAME)";
				TEST_TARGET_NAME = "20160328004-Quart2D-CleanImage";
			};
			name = Debug;
		};
		D5AD5FED1CA92D8B00C645B5 /* Release */ = {
			isa = XCBuildConfiguration;
			buildSettings = {
				INFOPLIST_FILE = "20160328004-Quart2D-CleanImageUITests/Info.plist";
				LD_RUNPATH_SEARCH_PATHS = "$(inherited) @executable_path/Frameworks @loader_path/Frameworks";
				PRODUCT_BUNDLE_IDENTIFIER = "com.rainer.-0160328004-Quart2D-CleanImageUITests";
				PRODUCT_NAME = "$(TARGET_NAME)";
				TEST_TARGET_NAME = "20160328004-Quart2D-CleanImage";
			};
			name = Release;
		};
/* End XCBuildConfiguration section */

/* Begin XCConfigurationList section */
		D5AD5FB31CA92D8B00C645B5 /* Build configuration list for PBXProject "20160328004-Quart2D-CleanImage" */ = {
			isa = XCConfigurationList;
			buildConfigurations = (
				D5AD5FE31CA92D8B00C645B5 /* Debug */,
				D5AD5FE41CA92D8B00C645B5 /* Release */,
			);
			defaultConfigurationIsVisible = 0;
			defaultConfigurationName = Release;
		};
		D5AD5FE51CA92D8B00C645B5 /* Build configuration list for PBXNativeTarget "20160328004-Quart2D-CleanImage" */ = {
			isa = XCConfigurationList;
			buildConfigurations = (
				D5AD5FE61CA92D8B00C645B5 /* Debug */,
				D5AD5FE71CA92D8B00C645B5 /* Release */,
			);
			defaultConfigurationIsVisible = 0;
		};
		D5AD5FE81CA92D8B00C645B5 /* Build configuration list for PBXNativeTarget "20160328004-Quart2D-CleanImageTests" */ = {
			isa = XCConfigurationList;
			buildConfigurations = (
				D5AD5FE91CA92D8B00C645B5 /* Debug */,
				D5AD5FEA1CA92D8B00C645B5 /* Release */,
			);
			defaultConfigurationIsVisible = 0;
		};
		D5AD5FEB1CA92D8B00C645B5 /* Build configuration list for PBXNativeTarget "20160328004-Quart2D-CleanImageUITests" */ = {
			isa = XCConfigurationList;
			buildConfigurations = (
				D5AD5FEC1CA92D8B00C645B5 /* Debug */,
				D5AD5FED1CA92D8B00C645B5 /* Release */,
			);
			defaultConfigurationIsVisible = 0;
		};
/* End XCConfigurationList section */
	};
	rootObject = D5AD5FB01CA92D8B00C645B5 /* Project object */;
}
